
Microsoft Visual Studio Solution File, Format Version 12.00
# Visual Studio Version 17
VisualStudioVersion = 17.9.34728.123
MinimumVisualStudioVersion = 10.0.40219.1
Project("{E24C65DC-7377-472B-9ABA-BC803B73C61A}") = "IBP_Project2", "IBP_Project2\", "{A2990B7E-19AB-4397-A022-C422C1ED0080}"
	ProjectSection(WebsiteProperties) = preProject
		TargetFrameworkMoniker = ".NETFramework,Version%3Dv4.7.2"
		Debug.AspNetCompiler.VirtualPath = "/localhost_57339"
		Debug.AspNetCompiler.PhysicalPath = "IBP_Project2\"
		Debug.AspNetCompiler.TargetPath = "PrecompiledWeb\localhost_57339\"
		Debug.AspNetCompiler.Updateable = "true"
		Debug.AspNetCompiler.ForceOverwrite = "true"
		Debug.AspNetCompiler.FixedNames = "false"
		Debug.AspNetCompiler.Debug = "True"
		Release.AspNetCompiler.VirtualPath = "/localhost_57339"
		Release.AspNetCompiler.PhysicalPath = "IBP_Project2\"
		Release.AspNetCompiler.TargetPath = "PrecompiledWeb\localhost_57339\"
		Release.AspNetCompiler.Updateable = "true"
		Release.AspNetCompiler.ForceOverwrite = "true"
		Release.AspNetCompiler.FixedNames = "false"
		Release.AspNetCompiler.Debug = "False"
		VWDPort = "57339"
		SlnRelativePath = "IBP_Project2\"
		DefaultWebSiteLanguage = "Visual C#"
	EndProjectSection
EndProject
Global
	GlobalSection(SolutionConfigurationPlatforms) = preSolution
		Debug|Any CPU = Debug|Any CPU
	EndGlobalSection
	GlobalSection(ProjectConfigurationPlatforms) = postSolution
		{A2990B7E-19AB-4397-A022-C422C1ED0080}.Debug|Any CPU.ActiveCfg = Debug|Any CPU
		{A2990B7E-19AB-4397-A022-C422C1ED0080}.Debug|Any CPU.Build.0 = Debug|Any CPU
	EndGlobalSection
	GlobalSection(SolutionProperties) = preSolution
		HideSolutionNode = FALSE
	EndGlobalSection
	GlobalSection(ExtensibilityGlobals) = postSolution
		SolutionGuid = {A2400E4F-7D76-473F-BF69-D97CC9FCA744}
	EndGlobalSection
EndGlobal
